# This file was autogenerated by Stack.
# You should not edit this file by hand.
# For more information, please see the documentation at:
#   https://docs.haskellstack.org/en/stable/lock_files

packages: []
snapshots:
- completed:
    size: 492027
    url: https://raw.githubusercontent.com/commercialhaskell/stackage-snapshots/master/lts/15/9.yaml
    sha256: 11394dc975e96c2fea90f7f2b3229630d46351a092ebcec78f0a56403930b429
  original: lts-15.9
